
Microsoft Visual Studio Solution File, Format Version 12.00
# Visual Studio 2013
VisualStudioVersion = 12.0.21005.1
MinimumVisualStudioVersion = 10.0.40219.1
Project("{FAE04EC0-301F-11D3-BF4B-00C04F79EFBC}") = "TrackViewer", "TrackViewer\TrackViewer.csproj", "{CC2703B5-D0CF-4634-89C7-570E31895339}"
	ProjectSection(ProjectDependencies) = postProject
		{0159865F-646D-4938-80CC-8B5F33E96D03} = {0159865F-646D-4938-80CC-8B5F33E96D03}
	EndProjectSection
EndProject
Project("{CC5FD16D-436D-48AD-A40C-5A424C6E3E79}") = "TrackService", "TrackService\TrackService.ccproj", "{A5BED01E-6A2D-4C59-A354-BCB7FB41D357}"
EndProject
Project("{FAE04EC0-301F-11D3-BF4B-00C04F79EFBC}") = "WCFTrackServiceWebRole", "WCFTrackServiceWebRole\WCFTrackServiceWebRole.csproj", "{0159865F-646D-4938-80CC-8B5F33E96D03}"
EndProject
Project("{FAE04EC0-301F-11D3-BF4B-00C04F79EFBC}") = "TrackViewerWP", "TrackViewerWP\TrackViewerWP.csproj", "{6F70C0B6-FEE7-43BD-B653-F1FCBDFEDE53}"
EndProject
Project("{FAE04EC0-301F-11D3-BF4B-00C04F79EFBC}") = "DataAccess", "DataAccess\DataAccess.csproj", "{14AA8B0C-4A2A-4CC6-995D-319708889027}"
EndProject
Global
	GlobalSection(SolutionConfigurationPlatforms) = preSolution
		Debug|Any CPU = Debug|Any CPU
		Debug|ARM = Debug|ARM
		Debug|x64 = Debug|x64
		Debug|x86 = Debug|x86
		Release|Any CPU = Release|Any CPU
		Release|ARM = Release|ARM
		Release|x64 = Release|x64
		Release|x86 = Release|x86
	EndGlobalSection
	GlobalSection(ProjectConfigurationPlatforms) = postSolution
		{CC2703B5-D0CF-4634-89C7-570E31895339}.Debug|Any CPU.ActiveCfg = Debug|x86
		{CC2703B5-D0CF-4634-89C7-570E31895339}.Debug|Any CPU.Build.0 = Debug|x86
		{CC2703B5-D0CF-4634-89C7-570E31895339}.Debug|Any CPU.Deploy.0 = Debug|x86
		{CC2703B5-D0CF-4634-89C7-570E31895339}.Debug|ARM.ActiveCfg = Debug|ARM
		{CC2703B5-D0CF-4634-89C7-570E31895339}.Debug|ARM.Build.0 = Debug|ARM
		{CC2703B5-D0CF-4634-89C7-570E31895339}.Debug|ARM.Deploy.0 = Debug|ARM
		{CC2703B5-D0CF-4634-89C7-570E31895339}.Debug|x64.ActiveCfg = Debug|x64
		{CC2703B5-D0CF-4634-89C7-570E31895339}.Debug|x64.Build.0 = Debug|x64
		{CC2703B5-D0CF-4634-89C7-570E31895339}.Debug|x64.Deploy.0 = Debug|x64
		{CC2703B5-D0CF-4634-89C7-570E31895339}.Debug|x86.ActiveCfg = Debug|x86
		{CC2703B5-D0CF-4634-89C7-570E31895339}.Debug|x86.Build.0 = Debug|x86
		{CC2703B5-D0CF-4634-89C7-570E31895339}.Debug|x86.Deploy.0 = Debug|x86
		{CC2703B5-D0CF-4634-89C7-570E31895339}.Release|Any CPU.ActiveCfg = Release|x86
		{CC2703B5-D0CF-4634-89C7-570E31895339}.Release|Any CPU.Build.0 = Release|x86
		{CC2703B5-D0CF-4634-89C7-570E31895339}.Release|Any CPU.Deploy.0 = Release|x86
		{CC2703B5-D0CF-4634-89C7-570E31895339}.Release|ARM.ActiveCfg = Release|ARM
		{CC2703B5-D0CF-4634-89C7-570E31895339}.Release|ARM.Build.0 = Release|ARM
		{CC2703B5-D0CF-4634-89C7-570E31895339}.Release|ARM.Deploy.0 = Release|ARM
		{CC2703B5-D0CF-4634-89C7-570E31895339}.Release|x64.ActiveCfg = Release|x64
		{CC2703B5-D0CF-4634-89C7-570E31895339}.Release|x64.Build.0 = Release|x64
		{CC2703B5-D0CF-4634-89C7-570E31895339}.Release|x64.Deploy.0 = Release|x64
		{CC2703B5-D0CF-4634-89C7-570E31895339}.Release|x86.ActiveCfg = Release|x86
		{CC2703B5-D0CF-4634-89C7-570E31895339}.Release|x86.Build.0 = Release|x86
		{CC2703B5-D0CF-4634-89C7-570E31895339}.Release|x86.Deploy.0 = Release|x86
		{A5BED01E-6A2D-4C59-A354-BCB7FB41D357}.Debug|Any CPU.ActiveCfg = Debug|Any CPU
		{A5BED01E-6A2D-4C59-A354-BCB7FB41D357}.Debug|Any CPU.Build.0 = Debug|Any CPU
		{A5BED01E-6A2D-4C59-A354-BCB7FB41D357}.Debug|ARM.ActiveCfg = Debug|Any CPU
		{A5BED01E-6A2D-4C59-A354-BCB7FB41D357}.Debug|x64.ActiveCfg = Debug|Any CPU
		{A5BED01E-6A2D-4C59-A354-BCB7FB41D357}.Debug|x86.ActiveCfg = Debug|Any CPU
		{A5BED01E-6A2D-4C59-A354-BCB7FB41D357}.Release|Any CPU.ActiveCfg = Release|Any CPU
		{A5BED01E-6A2D-4C59-A354-BCB7FB41D357}.Release|Any CPU.Build.0 = Release|Any CPU
		{A5BED01E-6A2D-4C59-A354-BCB7FB41D357}.Release|ARM.ActiveCfg = Release|Any CPU
		{A5BED01E-6A2D-4C59-A354-BCB7FB41D357}.Release|x64.ActiveCfg = Release|Any CPU
		{A5BED01E-6A2D-4C59-A354-BCB7FB41D357}.Release|x86.ActiveCfg = Release|Any CPU
		{0159865F-646D-4938-80CC-8B5F33E96D03}.Debug|Any CPU.ActiveCfg = Debug|Any CPU
		{0159865F-646D-4938-80CC-8B5F33E96D03}.Debug|Any CPU.Build.0 = Debug|Any CPU
		{0159865F-646D-4938-80CC-8B5F33E96D03}.Debug|ARM.ActiveCfg = Debug|Any CPU
		{0159865F-646D-4938-80CC-8B5F33E96D03}.Debug|x64.ActiveCfg = Debug|Any CPU
		{0159865F-646D-4938-80CC-8B5F33E96D03}.Debug|x86.ActiveCfg = Debug|Any CPU
		{0159865F-646D-4938-80CC-8B5F33E96D03}.Release|Any CPU.ActiveCfg = Release|Any CPU
		{0159865F-646D-4938-80CC-8B5F33E96D03}.Release|Any CPU.Build.0 = Release|Any CPU
		{0159865F-646D-4938-80CC-8B5F33E96D03}.Release|ARM.ActiveCfg = Release|Any CPU
		{0159865F-646D-4938-80CC-8B5F33E96D03}.Release|x64.ActiveCfg = Release|Any CPU
		{0159865F-646D-4938-80CC-8B5F33E96D03}.Release|x86.ActiveCfg = Release|Any CPU
		{6F70C0B6-FEE7-43BD-B653-F1FCBDFEDE53}.Debug|Any CPU.ActiveCfg = Debug|Any CPU
		{6F70C0B6-FEE7-43BD-B653-F1FCBDFEDE53}.Debug|Any CPU.Build.0 = Debug|Any CPU
		{6F70C0B6-FEE7-43BD-B653-F1FCBDFEDE53}.Debug|Any CPU.Deploy.0 = Debug|Any CPU
		{6F70C0B6-FEE7-43BD-B653-F1FCBDFEDE53}.Debug|ARM.ActiveCfg = Debug|ARM
		{6F70C0B6-FEE7-43BD-B653-F1FCBDFEDE53}.Debug|ARM.Build.0 = Debug|ARM
		{6F70C0B6-FEE7-43BD-B653-F1FCBDFEDE53}.Debug|ARM.Deploy.0 = Debug|ARM
		{6F70C0B6-FEE7-43BD-B653-F1FCBDFEDE53}.Debug|x64.ActiveCfg = Debug|Any CPU
		{6F70C0B6-FEE7-43BD-B653-F1FCBDFEDE53}.Debug|x86.ActiveCfg = Debug|x86
		{6F70C0B6-FEE7-43BD-B653-F1FCBDFEDE53}.Debug|x86.Build.0 = Debug|x86
		{6F70C0B6-FEE7-43BD-B653-F1FCBDFEDE53}.Debug|x86.Deploy.0 = Debug|x86
		{6F70C0B6-FEE7-43BD-B653-F1FCBDFEDE53}.Release|Any CPU.ActiveCfg = Release|Any CPU
		{6F70C0B6-FEE7-43BD-B653-F1FCBDFEDE53}.Release|Any CPU.Build.0 = Release|Any CPU
		{6F70C0B6-FEE7-43BD-B653-F1FCBDFEDE53}.Release|Any CPU.Deploy.0 = Release|Any CPU
		{6F70C0B6-FEE7-43BD-B653-F1FCBDFEDE53}.Release|ARM.ActiveCfg = Release|ARM
		{6F70C0B6-FEE7-43BD-B653-F1FCBDFEDE53}.Release|ARM.Build.0 = Release|ARM
		{6F70C0B6-FEE7-43BD-B653-F1FCBDFEDE53}.Release|ARM.Deploy.0 = Release|ARM
		{6F70C0B6-FEE7-43BD-B653-F1FCBDFEDE53}.Release|x64.ActiveCfg = Release|Any CPU
		{6F70C0B6-FEE7-43BD-B653-F1FCBDFEDE53}.Release|x86.ActiveCfg = Release|x86
		{6F70C0B6-FEE7-43BD-B653-F1FCBDFEDE53}.Release|x86.Build.0 = Release|x86
		{6F70C0B6-FEE7-43BD-B653-F1FCBDFEDE53}.Release|x86.Deploy.0 = Release|x86
		{14AA8B0C-4A2A-4CC6-995D-319708889027}.Debug|Any CPU.ActiveCfg = Debug|Any CPU
		{14AA8B0C-4A2A-4CC6-995D-319708889027}.Debug|Any CPU.Build.0 = Debug|Any CPU
		{14AA8B0C-4A2A-4CC6-995D-319708889027}.Debug|ARM.ActiveCfg = Debug|Any CPU
		{14AA8B0C-4A2A-4CC6-995D-319708889027}.Debug|x64.ActiveCfg = Debug|Any CPU
		{14AA8B0C-4A2A-4CC6-995D-319708889027}.Debug|x86.ActiveCfg = Debug|Any CPU
		{14AA8B0C-4A2A-4CC6-995D-319708889027}.Release|Any CPU.ActiveCfg = Release|Any CPU
		{14AA8B0C-4A2A-4CC6-995D-319708889027}.Release|Any CPU.Build.0 = Release|Any CPU
		{14AA8B0C-4A2A-4CC6-995D-319708889027}.Release|ARM.ActiveCfg = Release|Any CPU
		{14AA8B0C-4A2A-4CC6-995D-319708889027}.Release|x64.ActiveCfg = Release|Any CPU
		{14AA8B0C-4A2A-4CC6-995D-319708889027}.Release|x86.ActiveCfg = Release|Any CPU
	EndGlobalSection
	GlobalSection(SolutionProperties) = preSolution
		HideSolutionNode = FALSE
	EndGlobalSection
EndGlobal
